
Microsoft Visual Studio Solution File, Format Version 12.00
# Visual Studio Version 17
VisualStudioVersion = 17.7.34031.279
MinimumVisualStudioVersion = 10.0.40219.1
Project("{FAE04EC0-301F-11D3-BF4B-00C04F79EFBC}") = "BankApplication", "BankApplication.csproj", "{408AD800-865F-4212-88D8-C1BDC186F0E7}"
EndProject
Global
	GlobalSection(SolutionConfigurationPlatforms) = preSolution
		Debug|Any CPU = Debug|Any CPU
		Release|Any CPU = Release|Any CPU
	EndGlobalSection
	GlobalSection(ProjectConfigurationPlatforms) = postSolution
		{408AD800-865F-4212-88D8-C1BDC186F0E7}.Debug|Any CPU.ActiveCfg = Debug|Any CPU
		{408AD800-865F-4212-88D8-C1BDC186F0E7}.Debug|Any CPU.Build.0 = Debug|Any CPU
		{408AD800-865F-4212-88D8-C1BDC186F0E7}.Release|Any CPU.ActiveCfg = Release|Any CPU
		{408AD800-865F-4212-88D8-C1BDC186F0E7}.Release|Any CPU.Build.0 = Release|Any CPU
	EndGlobalSection
	GlobalSection(SolutionProperties) = preSolution
		HideSolutionNode = FALSE
	EndGlobalSection
	GlobalSection(ExtensibilityGlobals) = postSolution
		SolutionGuid = {2CE90DDF-C919-48B7-AA91-C8B067C959AC}
	EndGlobalSection
EndGlobal
